
Microsoft Visual Studio Solution File, Format Version 12.00
# Visual Studio Version 17
VisualStudioVersion = 17.14.36518.9
MinimumVisualStudioVersion = 10.0.40219.1
Project("{FAE04EC0-301F-11D3-BF4B-00C04F79EFBC}") = "Practice", "Practice\Practice.csproj", "{49FB8299-F96F-43FE-9E17-F11B21759929}"
EndProject
Project("{FAE04EC0-301F-11D3-BF4B-00C04F79EFBC}") = "MyWpfApp", "MyWpfApp\MyWpfApp.csproj", "{C6DEF738-0EAD-482B-9932-C9A34C603850}"
EndProject
Global
	GlobalSection(SolutionConfigurationPlatforms) = preSolution
		Debug|Any CPU = Debug|Any CPU
		Debug|x64 = Debug|x64
		Debug|x86 = Debug|x86
		Release|Any CPU = Release|Any CPU
		Release|x64 = Release|x64
		Release|x86 = Release|x86
	EndGlobalSection
	GlobalSection(ProjectConfigurationPlatforms) = postSolution
		{49FB8299-F96F-43FE-9E17-F11B21759929}.Debug|Any CPU.ActiveCfg = Debug|Any CPU
		{49FB8299-F96F-43FE-9E17-F11B21759929}.Debug|Any CPU.Build.0 = Debug|Any CPU
		{49FB8299-F96F-43FE-9E17-F11B21759929}.Debug|x64.ActiveCfg = Debug|Any CPU
		{49FB8299-F96F-43FE-9E17-F11B21759929}.Debug|x64.Build.0 = Debug|Any CPU
		{49FB8299-F96F-43FE-9E17-F11B21759929}.Debug|x86.ActiveCfg = Debug|Any CPU
		{49FB8299-F96F-43FE-9E17-F11B21759929}.Debug|x86.Build.0 = Debug|Any CPU
		{49FB8299-F96F-43FE-9E17-F11B21759929}.Release|Any CPU.ActiveCfg = Release|Any CPU
		{49FB8299-F96F-43FE-9E17-F11B21759929}.Release|Any CPU.Build.0 = Release|Any CPU
		{49FB8299-F96F-43FE-9E17-F11B21759929}.Release|x64.ActiveCfg = Release|Any CPU
		{49FB8299-F96F-43FE-9E17-F11B21759929}.Release|x64.Build.0 = Release|Any CPU
		{49FB8299-F96F-43FE-9E17-F11B21759929}.Release|x86.ActiveCfg = Release|Any CPU
		{49FB8299-F96F-43FE-9E17-F11B21759929}.Release|x86.Build.0 = Release|Any CPU
		{C6DEF738-0EAD-482B-9932-C9A34C603850}.Debug|Any CPU.ActiveCfg = Debug|Any CPU
		{C6DEF738-0EAD-482B-9932-C9A34C603850}.Debug|Any CPU.Build.0 = Debug|Any CPU
		{C6DEF738-0EAD-482B-9932-C9A34C603850}.Debug|x64.ActiveCfg = Debug|Any CPU
		{C6DEF738-0EAD-482B-9932-C9A34C603850}.Debug|x64.Build.0 = Debug|Any CPU
		{C6DEF738-0EAD-482B-9932-C9A34C603850}.Debug|x86.ActiveCfg = Debug|Any CPU
		{C6DEF738-0EAD-482B-9932-C9A34C603850}.Debug|x86.Build.0 = Debug|Any CPU
		{C6DEF738-0EAD-482B-9932-C9A34C603850}.Release|Any CPU.ActiveCfg = Release|Any CPU
		{C6DEF738-0EAD-482B-9932-C9A34C603850}.Release|Any CPU.Build.0 = Release|Any CPU
		{C6DEF738-0EAD-482B-9932-C9A34C603850}.Release|x64.ActiveCfg = Release|Any CPU
		{C6DEF738-0EAD-482B-9932-C9A34C603850}.Release|x64.Build.0 = Release|Any CPU
		{C6DEF738-0EAD-482B-9932-C9A34C603850}.Release|x86.ActiveCfg = Release|Any CPU
		{C6DEF738-0EAD-482B-9932-C9A34C603850}.Release|x86.Build.0 = Release|Any CPU
	EndGlobalSection
	GlobalSection(SolutionProperties) = preSolution
		HideSolutionNode = FALSE
	EndGlobalSection
	GlobalSection(ExtensibilityGlobals) = postSolution
		SolutionGuid = {C5F9AC23-8326-4826-8858-89176B26854C}
	EndGlobalSection
EndGlobal
